
Microsoft Visual Studio Solution File, Format Version 12.00
# Visual Studio Version 17
VisualStudioVersion = 17.14.36518.9
MinimumVisualStudioVersion = 10.0.40219.1
Project("{FAE04EC0-301F-11D3-BF4B-00C04F79EFBC}") = "HLtoGhostFolio", "HLtoGhostFolio.csproj", "{42E6A5FD-E300-439D-8402-55A712FC9B71}"
EndProject
Project("{FAE04EC0-301F-11D3-BF4B-00C04F79EFBC}") = "GhostFolio", "GhostFolio\GhostFolio.csproj", "{A3D66A92-5284-441C-B917-81E86042374A}"
EndProject
Project("{FAE04EC0-301F-11D3-BF4B-00C04F79EFBC}") = "HL", "HL\HL.csproj", "{F22AE2DB-A204-4493-9F68-51E97E3F7CB5}"
EndProject
Global
	GlobalSection(SolutionConfigurationPlatforms) = preSolution
		Debug|Any CPU = Debug|Any CPU
		Release|Any CPU = Release|Any CPU
	EndGlobalSection
	GlobalSection(ProjectConfigurationPlatforms) = postSolution
		{42E6A5FD-E300-439D-8402-55A712FC9B71}.Debug|Any CPU.ActiveCfg = Debug|Any CPU
		{42E6A5FD-E300-439D-8402-55A712FC9B71}.Debug|Any CPU.Build.0 = Debug|Any CPU
		{42E6A5FD-E300-439D-8402-55A712FC9B71}.Release|Any CPU.ActiveCfg = Release|Any CPU
		{42E6A5FD-E300-439D-8402-55A712FC9B71}.Release|Any CPU.Build.0 = Release|Any CPU
		{A3D66A92-5284-441C-B917-81E86042374A}.Debug|Any CPU.ActiveCfg = Debug|Any CPU
		{A3D66A92-5284-441C-B917-81E86042374A}.Debug|Any CPU.Build.0 = Debug|Any CPU
		{A3D66A92-5284-441C-B917-81E86042374A}.Release|Any CPU.ActiveCfg = Release|Any CPU
		{A3D66A92-5284-441C-B917-81E86042374A}.Release|Any CPU.Build.0 = Release|Any CPU
		{F22AE2DB-A204-4493-9F68-51E97E3F7CB5}.Debug|Any CPU.ActiveCfg = Debug|Any CPU
		{F22AE2DB-A204-4493-9F68-51E97E3F7CB5}.Debug|Any CPU.Build.0 = Debug|Any CPU
		{F22AE2DB-A204-4493-9F68-51E97E3F7CB5}.Release|Any CPU.ActiveCfg = Release|Any CPU
		{F22AE2DB-A204-4493-9F68-51E97E3F7CB5}.Release|Any CPU.Build.0 = Release|Any CPU
	EndGlobalSection
	GlobalSection(SolutionProperties) = preSolution
		HideSolutionNode = FALSE
	EndGlobalSection
	GlobalSection(ExtensibilityGlobals) = postSolution
		SolutionGuid = {8663B61C-741E-43B7-81EC-183BBE478F07}
	EndGlobalSection
EndGlobal
